
Microsoft Visual Studio Solution File, Format Version 12.00
# Visual Studio Version 16
VisualStudioVersion = 16.0.28803.352
MinimumVisualStudioVersion = 10.0.40219.1
Project("{FAE04EC0-301F-11D3-BF4B-00C04F79EFBC}") = "MS Traider", "MS Traider\MS Traider.csproj", "{479CD2D2-6CB7-4990-AC76-1A90404AFF1B}"
EndProject
Global
	GlobalSection(SolutionConfigurationPlatforms) = preSolution
		Debug|Any CPU = Debug|Any CPU
		Release|Any CPU = Release|Any CPU
	EndGlobalSection
	GlobalSection(ProjectConfigurationPlatforms) = postSolution
		{479CD2D2-6CB7-4990-AC76-1A90404AFF1B}.Debug|Any CPU.ActiveCfg = Debug|Any CPU
		{479CD2D2-6CB7-4990-AC76-1A90404AFF1B}.Debug|Any CPU.Build.0 = Debug|Any CPU
		{479CD2D2-6CB7-4990-AC76-1A90404AFF1B}.Release|Any CPU.ActiveCfg = Release|Any CPU
		{479CD2D2-6CB7-4990-AC76-1A90404AFF1B}.Release|Any CPU.Build.0 = Release|Any CPU
	EndGlobalSection
	GlobalSection(SolutionProperties) = preSolution
		HideSolutionNode = FALSE
	EndGlobalSection
	GlobalSection(ExtensibilityGlobals) = postSolution
		SolutionGuid = {D550AA8D-FF2D-4EB0-B501-BFDEA6F42FD8}
	EndGlobalSection
EndGlobal
